// !$*UTF8*$!
{
	archiveVersion = 1;
	classes = {
	};
	objectVersion = 46;
	objects = {

/* Begin PBXBuildFile section */
		2AD67DC419F984B5000C17BA /* HttpRequestSender.swift in Sources */ = {isa = PBXBuildFile; fileRef = 2AD67DC319F984B5000C17BA /* HttpRequestSender.swift */; };
		2AF1DD1519F9815F0030B864 /* AppDelegate.swift in Sources */ = {isa = PBXBuildFile; fileRef = 2AF1DD1419F9815F0030B864 /* AppDelegate.swift */; };
		2AF1DD1819F9815F0030B864 /* ReinforcementTeacher.xcdatamodeld in Sources */ = {isa = PBXBuildFile; fileRef = 2AF1DD1619F9815F0030B864 /* ReinforcementTeacher.xcdatamodeld */; };
		2AF1DD1A19F9815F0030B864 /* ViewController.swift in Sources */ = {isa = PBXBuildFile; fileRef = 2AF1DD1919F9815F0030B864 /* ViewController.swift */; };
		2AF1DD1D19F9815F0030B864 /* Main.storyboard in Resources */ = {isa = PBXBuildFile; fileRef = 2AF1DD1B19F9815F0030B864 /* Main.storyboard */; };
		2AF1DD1F19F9815F0030B864 /* Images.xcassets in Resources */ = {isa = PBXBuildFile; fileRef = 2AF1DD1E19F9815F0030B864 /* Images.xcassets */; };
		2AF1DD2219F9815F0030B864 /* LaunchScreen.xib in Resources */ = {isa = PBXBuildFile; fileRef = 2AF1DD2019F9815F0030B864 /* LaunchScreen.xib */; };
		2AF1DD2E19F9815F0030B864 /* ReinforcementTeacherTests.swift in Sources */ = {isa = PBXBuildFile; fileRef = 2AF1DD2D19F9815F0030B864 /* ReinforcementTeacherTests.swift */; };
/* End PBXBuildFile section */

/* Begin PBXContainerItemProxy section */
		2AF1DD2819F9815F0030B864 /* PBXContainerItemProxy */ = {
			isa = PBXContainerItemProxy;
			containerPortal = 2AF1DD0719F9815F0030B864 /* Project object */;
			proxyType = 1;
			remoteGlobalIDString = 2AF1DD0E19F9815F0030B864;
			remoteInfo = ReinforcementTeacher;
		};
/* End PBXContainerItemProxy section */

/* Begin PBXFileReference section */
		2AD67DC319F984B5000C17BA /* HttpRequestSender.swift */ = {isa = PBXFileReference; fileEncoding = 4; lastKnownFileType = sourcecode.swift; path = HttpRequestSender.swift; sourceTree = "<group>"; };
		2AF1DD0F19F9815F0030B864 /* ReinforcementTeacher.app */ = {isa = PBXFileReference; explicitFileType = wrapper.application; includeInIndex = 0; path = ReinforcementTeacher.app; sourceTree = BUILT_PRODUCTS_DIR; };
		2AF1DD1319F9815F0030B864 /* Info.plist */ = {isa = PBXFileReference; lastKnownFileType = text.plist.xml; path = Info.plist; sourceTree = "<group>"; };
		2AF1DD1419F9815F0030B864 /* AppDelegate.swift */ = {isa = PBXFileReference; lastKnownFileType = sourcecode.swift; path = AppDelegate.swift; sourceTree = "<group>"; };
		2AF1DD1719F9815F0030B864 /* ReinforcementTeacher.xcdatamodel */ = {isa = PBXFileReference; lastKnownFileType = wrapper.xcdatamodel; path = ReinforcementTeacher.xcdatamodel; sourceTree = "<group>"; };
		2AF1DD1919F9815F0030B864 /* ViewController.swift */ = {isa = PBXFileReference; lastKnownFileType = sourcecode.swift; path = ViewController.swift; sourceTree = "<group>"; };
		2AF1DD1C19F9815F0030B864 /* Base */ = {isa = PBXFileReference; lastKnownFileType = file.storyboard; name = Base; path = Base.lproj/Main.storyboard; sourceTree = "<group>"; };
		2AF1DD1E19F9815F0030B864 /* Images.xcassets */ = {isa = PBXFileReference; lastKnownFileType = folder.assetcatalog; path = Images.xcassets; sourceTree = "<group>"; };
		2AF1DD2119F9815F0030B864 /* Base */ = {isa = PBXFileReference; lastKnownFileType = file.xib; name = Base; path = Base.lproj/LaunchScreen.xib; sourceTree = "<group>"; };
		2AF1DD2719F9815F0030B864 /* ReinforcementTeacherTests.xctest */ = {isa = PBXFileReference; explicitFileType = wrapper.cfbundle; includeInIndex = 0; path = ReinforcementTeacherTests.xctest; sourceTree = BUILT_PRODUCTS_DIR; };
		2AF1DD2C19F9815F0030B864 /* Info.plist */ = {isa = PBXFileReference; lastKnownFileType = text.plist.xml; path = Info.plist; sourceTree = "<group>"; };
		2AF1DD2D19F9815F0030B864 /* ReinforcementTeacherTests.swift */ = {isa = PBXFileReference; lastKnownFileType = sourcecode.swift; path = ReinforcementTeacherTests.swift; sourceTree = "<group>"; };
/* End PBXFileReference section */

/* Begin PBXFrameworksBuildPhase section */
		2AF1DD0C19F9815F0030B864 /* Frameworks */ = {
			isa = PBXFrameworksBuildPhase;
			buildActionMask = 2147483647;
			files = (
			);
			runOnlyForDeploymentPostprocessing = 0;
		};
		2AF1DD2419F9815F0030B864 /* Frameworks */ = {
			isa = PBXFrameworksBuildPhase;
			buildActionMask = 2147483647;
			files = (
			);
			runOnlyForDeploymentPostprocessing = 0;
		};
/* End PBXFrameworksBuildPhase section */

/* Begin PBXGroup section */
		2AF1DD0619F9815F0030B864 = {
			isa = PBXGroup;
			children = (
				2AF1DD1119F9815F0030B864 /* ReinforcementTeacher */,
				2AF1DD2A19F9815F0030B864 /* ReinforcementTeacherTests */,
				2AF1DD1019F9815F0030B864 /* Products */,
			);
			sourceTree = "<group>";
		};
		2AF1DD1019F9815F0030B864 /* Products */ = {
			isa = PBXGroup;
			children = (
				2AF1DD0F19F9815F0030B864 /* ReinforcementTeacher.app */,
				2AF1DD2719F9815F0030B864 /* ReinforcementTeacherTests.xctest */,
			);
			name = Products;
			sourceTree = "<group>";
		};
		2AF1DD1119F9815F0030B864 /* ReinforcementTeacher */ = {
			isa = PBXGroup;
			children = (
				2AD67DC319F984B5000C17BA /* HttpRequestSender.swift */,
				2AF1DD1419F9815F0030B864 /* AppDelegate.swift */,
				2AF1DD1919F9815F0030B864 /* ViewController.swift */,
				2AF1DD1B19F9815F0030B864 /* Main.storyboard */,
				2AF1DD1E19F9815F0030B864 /* Images.xcassets */,
				2AF1DD2019F9815F0030B864 /* LaunchScreen.xib */,
				2AF1DD1619F9815F0030B864 /* ReinforcementTeacher.xcdatamodeld */,
				2AF1DD1219F9815F0030B864 /* Supporting Files */,
			);
			path = ReinforcementTeacher;
			sourceTree = "<group>";
		};
		2AF1DD1219F9815F0030B864 /* Supporting Files */ = {
			isa = PBXGroup;
			children = (
				2AF1DD1319F9815F0030B864 /* Info.plist */,
			);
			name = "Supporting Files";
			sourceTree = "<group>";
		};
		2AF1DD2A19F9815F0030B864 /* ReinforcementTeacherTests */ = {
			isa = PBXGroup;
			children = (
				2AF1DD2D19F9815F0030B864 /* ReinforcementTeacherTests.swift */,
				2AF1DD2B19F9815F0030B864 /* Supporting Files */,
			);
			path = ReinforcementTeacherTests;
			sourceTree = "<group>";
		};
		2AF1DD2B19F9815F0030B864 /* Supporting Files */ = {
			isa = PBXGroup;
			children = (
				2AF1DD2C19F9815F0030B864 /* Info.plist */,
			);
			name = "Supporting Files";
			sourceTree = "<group>";
		};
/* End PBXGroup section */

/* Begin PBXNativeTarget section */
		2AF1DD0E19F9815F0030B864 /* ReinforcementTeacher */ = {
			isa = PBXNativeTarget;
			buildConfigurationList = 2AF1DD3119F9815F0030B864 /* Build configuration list for PBXNativeTarget "ReinforcementTeacher" */;
			buildPhases = (
				2AF1DD0B19F9815F0030B864 /* Sources */,
				2AF1DD0C19F9815F0030B864 /* Frameworks */,
				2AF1DD0D19F9815F0030B864 /* Resources */,
			);
			buildRules = (
			);
			dependencies = (
			);
			name = ReinforcementTeacher;
			productName = ReinforcementTeacher;
			productReference = 2AF1DD0F19F9815F0030B864 /* ReinforcementTeacher.app */;
			productType = "com.apple.product-type.application";
		};
		2AF1DD2619F9815F0030B864 /* ReinforcementTeacherTests */ = {
			isa = PBXNativeTarget;
			buildConfigurationList = 2AF1DD3419F9815F0030B864 /* Build configuration list for PBXNativeTarget "ReinforcementTeacherTests" */;
			buildPhases = (
				2AF1DD2319F9815F0030B864 /* Sources */,
				2AF1DD2419F9815F0030B864 /* Frameworks */,
				2AF1DD2519F9815F0030B864 /* Resources */,
			);
			buildRules = (
			);
			dependencies = (
				2AF1DD2919F9815F0030B864 /* PBXTargetDependency */,
			);
			name = ReinforcementTeacherTests;
			productName = ReinforcementTeacherTests;
			productReference = 2AF1DD2719F9815F0030B864 /* ReinforcementTeacherTests.xctest */;
			productType = "com.apple.product-type.bundle.unit-test";
		};
/* End PBXNativeTarget section */

/* Begin PBXProject section */
		2AF1DD0719F9815F0030B864 /* Project object */ = {
			isa = PBXProject;
			attributes = {
				LastUpgradeCheck = 0610;
				ORGANIZATIONNAME = astrant;
				TargetAttributes = {
					2AF1DD0E19F9815F0030B864 = {
						CreatedOnToolsVersion = 6.1;
					};
					2AF1DD2619F9815F0030B864 = {
						CreatedOnToolsVersion = 6.1;
						TestTargetID = 2AF1DD0E19F9815F0030B864;
					};
				};
			};
			buildConfigurationList = 2AF1DD0A19F9815F0030B864 /* Build configuration list for PBXProject "ReinforcementTeacher" */;
			compatibilityVersion = "Xcode 3.2";
			developmentRegion = English;
			hasScannedForEncodings = 0;
			knownRegions = (
				en,
				Base,
			);
			mainGroup = 2AF1DD0619F9815F0030B864;
			productRefGroup = 2AF1DD1019F9815F0030B864 /* Products */;
			projectDirPath = "";
			projectRoot = "";
			targets = (
				2AF1DD0E19F9815F0030B864 /* ReinforcementTeacher */,
				2AF1DD2619F9815F0030B864 /* ReinforcementTeacherTests */,
			);
		};
/* End PBXProject section */

/* Begin PBXResourcesBuildPhase section */
		2AF1DD0D19F9815F0030B864 /* Resources */ = {
			isa = PBXResourcesBuildPhase;
			buildActionMask = 2147483647;
			files = (
				2AF1DD1D19F9815F0030B864 /* Main.storyboard in Resources */,
				2AF1DD2219F9815F0030B864 /* LaunchScreen.xib in Resources */,
				2AF1DD1F19F9815F0030B864 /* Images.xcassets in Resources */,
			);
			runOnlyForDeploymentPostprocessing = 0;
		};
		2AF1DD2519F9815F0030B864 /* Resources */ = {
			isa = PBXResourcesBuildPhase;
			buildActionMask = 2147483647;
			files = (
			);
			runOnlyForDeploymentPostprocessing = 0;
		};
/* End PBXResourcesBuildPhase section */

/* Begin PBXSourcesBuildPhase section */
		2AF1DD0B19F9815F0030B864 /* Sources */ = {
			isa = PBXSourcesBuildPhase;
			buildActionMask = 2147483647;
			files = (
				2AD67DC419F984B5000C17BA /* HttpRequestSender.swift in Sources */,
				2AF1DD1A19F9815F0030B864 /* ViewController.swift in Sources */,
				2AF1DD1819F9815F0030B864 /* ReinforcementTeacher.xcdatamodeld in Sources */,
				2AF1DD1519F9815F0030B864 /* AppDelegate.swift in Sources */,
			);
			runOnlyForDeploymentPostprocessing = 0;
		};
		2AF1DD2319F9815F0030B864 /* Sources */ = {
			isa = PBXSourcesBuildPhase;
			buildActionMask = 2147483647;
			files = (
				2AF1DD2E19F9815F0030B864 /* ReinforcementTeacherTests.swift in Sources */,
			);
			runOnlyForDeploymentPostprocessing = 0;
		};
/* End PBXSourcesBuildPhase section */

/* Begin PBXTargetDependency section */
		2AF1DD2919F9815F0030B864 /* PBXTargetDependency */ = {
			isa = PBXTargetDependency;
			target = 2AF1DD0E19F9815F0030B864 /* ReinforcementTeacher */;
			targetProxy = 2AF1DD2819F9815F0030B864 /* PBXContainerItemProxy */;
		};
/* End PBXTargetDependency section */

/* Begin PBXVariantGroup section */
		2AF1DD1B19F9815F0030B864 /* Main.storyboard */ = {
			isa = PBXVariantGroup;
			children = (
				2AF1DD1C19F9815F0030B864 /* Base */,
			);
			name = Main.storyboard;
			sourceTree = "<group>";
		};
		2AF1DD2019F9815F0030B864 /* LaunchScreen.xib */ = {
			isa = PBXVariantGroup;
			children = (
				2AF1DD2119F9815F0030B864 /* Base */,
			);
			name = LaunchScreen.xib;
			sourceTree = "<group>";
		};
/* End PBXVariantGroup section */

/* Begin XCBuildConfiguration section */
		2AF1DD2F19F9815F0030B864 /* Debug */ = {
			isa = XCBuildConfiguration;
			buildSettings = {
				ALWAYS_SEARCH_USER_PATHS = NO;
				CLANG_CXX_LANGUAGE_STANDARD = "gnu++0x";
				CLANG_CXX_LIBRARY = "libc++";
				CLANG_ENABLE_MODULES = YES;
				CLANG_ENABLE_OBJC_ARC = YES;
				CLANG_WARN_BOOL_CONVERSION = YES;
				CLANG_WARN_CONSTANT_CONVERSION = YES;
				CLANG_WARN_DIRECT_OBJC_ISA_USAGE = YES_ERROR;
				CLANG_WARN_EMPTY_BODY = YES;
				CLANG_WARN_ENUM_CONVERSION = YES;
				CLANG_WARN_INT_CONVERSION = YES;
				CLANG_WARN_OBJC_ROOT_CLASS = YES_ERROR;
				CLANG_WARN_UNREACHABLE_CODE = YES;
				CLANG_WARN__DUPLICATE_METHOD_MATCH = YES;
				"CODE_SIGN_IDENTITY[sdk=iphoneos*]" = "iPhone Developer";
				COPY_PHASE_STRIP = NO;
				ENABLE_STRICT_OBJC_MSGSEND = YES;
				GCC_C_LANGUAGE_STANDARD = gnu99;
				GCC_DYNAMIC_NO_PIC = NO;
				GCC_OPTIMIZATION_LEVEL = 0;
				GCC_PREPROCESSOR_DEFINITIONS = (
					"DEBUG=1",
					"$(inherited)",
				);
				GCC_SYMBOLS_PRIVATE_EXTERN = NO;
				GCC_WARN_64_TO_32_BIT_CONVERSION = YES;
				GCC_WARN_ABOUT_RETURN_TYPE = YES_ERROR;
				GCC_WARN_UNDECLARED_SELECTOR = YES;
				GCC_WARN_UNINITIALIZED_AUTOS = YES_AGGRESSIVE;
				GCC_WARN_UNUSED_FUNCTION = YES;
				GCC_WARN_UNUSED_VARIABLE = YES;
				IPHONEOS_DEPLOYMENT_TARGET = 8.1;
				MTL_ENABLE_DEBUG_INFO = YES;
				ONLY_ACTIVE_ARCH = YES;
				SDKROOT = iphoneos;
				SWIFT_OPTIMIZATION_LEVEL = "-Onone";
				TARGETED_DEVICE_FAMILY = "1,2";
			};
			name = Debug;
		};
		2AF1DD3019F9815F0030B864 /* Release */ = {
			isa = XCBuildConfiguration;
			buildSettings = {
				ALWAYS_SEARCH_USER_PATHS = NO;
				CLANG_CXX_LANGUAGE_STANDARD = "gnu++0x";
				CLANG_CXX_LIBRARY = "libc++";
				CLANG_ENABLE_MODULES = YES;
				CLANG_ENABLE_OBJC_ARC = YES;
				CLANG_WARN_BOOL_CONVERSION = YES;
				CLANG_WARN_CONSTANT_CONVERSION = YES;
				CLANG_WARN_DIRECT_OBJC_ISA_USAGE = YES_ERROR;
				CLANG_WARN_EMPTY_BODY = YES;
				CLANG_WARN_ENUM_CONVERSION = YES;
				CLANG_WARN_INT_CONVERSION = YES;
				CLANG_WARN_OBJC_ROOT_CLASS = YES_ERROR;
				CLANG_WARN_UNREACHABLE_CODE = YES;
				CLANG_WARN__DUPLICATE_METHOD_MATCH = YES;
				"CODE_SIGN_IDENTITY[sdk=iphoneos*]" = "iPhone Developer";
				COPY_PHASE_STRIP = YES;
				ENABLE_NS_ASSERTIONS = NO;
				ENABLE_STRICT_OBJC_MSGSEND = YES;
				GCC_C_LANGUAGE_STANDARD = gnu99;
				GCC_WARN_64_TO_32_BIT_CONVERSION = YES;
				GCC_WARN_ABOUT_RETURN_TYPE = YES_ERROR;
				GCC_WARN_UNDECLARED_SELECTOR = YES;
				GCC_WARN_UNINITIALIZED_AUTOS = YES_AGGRESSIVE;
				GCC_WARN_UNUSED_FUNCTION = YES;
				GCC_WARN_UNUSED_VARIABLE = YES;
				IPHONEOS_DEPLOYMENT_TARGET = 8.1;
				MTL_ENABLE_DEBUG_INFO = NO;
				SDKROOT = iphoneos;
				TARGETED_DEVICE_FAMILY = "1,2";
				VALIDATE_PRODUCT = YES;
			};
			name = Release;
		};
		2AF1DD3219F9815F0030B864 /* Debug */ = {
			isa = XCBuildConfiguration;
			buildSettings = {
				ASSETCATALOG_COMPILER_APPICON_NAME = AppIcon;
				INFOPLIST_FILE = ReinforcementTeacher/Info.plist;
				IPHONEOS_DEPLOYMENT_TARGET = 7.1;
				LD_RUNPATH_SEARCH_PATHS = "$(inherited) @executable_path/Frameworks";
				PRODUCT_NAME = "$(TARGET_NAME)";
			};
			name = Debug;
		};
		2AF1DD3319F9815F0030B864 /* Release */ = {
			isa = XCBuildConfiguration;
			buildSettings = {
				ASSETCATALOG_COMPILER_APPICON_NAME = AppIcon;
				INFOPLIST_FILE = ReinforcementTeacher/Info.plist;
				IPHONEOS_DEPLOYMENT_TARGET = 7.1;
				LD_RUNPATH_SEARCH_PATHS = "$(inherited) @executable_path/Frameworks";
				PRODUCT_NAME = "$(TARGET_NAME)";
			};
			name = Release;
		};
		2AF1DD3519F9815F0030B864 /* Debug */ = {
			isa = XCBuildConfiguration;
			buildSettings = {
				BUNDLE_LOADER = "$(TEST_HOST)";
				FRAMEWORK_SEARCH_PATHS = (
					"$(SDKROOT)/Developer/Library/Frameworks",
					"$(inherited)",
				);
				GCC_PREPROCESSOR_DEFINITIONS = (
					"DEBUG=1",
					"$(inherited)",
				);
				INFOPLIST_FILE = ReinforcementTeacherTests/Info.plist;
				LD_RUNPATH_SEARCH_PATHS = "$(inherited) @executable_path/Frameworks @loader_path/Frameworks";
				PRODUCT_NAME = "$(TARGET_NAME)";
				TEST_HOST = "$(BUILT_PRODUCTS_DIR)/ReinforcementTeacher.app/ReinforcementTeacher";
			};
			name = Debug;
		};
		2AF1DD3619F9815F0030B864 /* Release */ = {
			isa = XCBuildConfiguration;
			buildSettings = {
				BUNDLE_LOADER = "$(TEST_HOST)";
				FRAMEWORK_SEARCH_PATHS = (
					"$(SDKROOT)/Developer/Library/Frameworks",
					"$(inherited)",
				);
				INFOPLIST_FILE = ReinforcementTeacherTests/Info.plist;
				LD_RUNPATH_SEARCH_PATHS = "$(inherited) @executable_path/Frameworks @loader_path/Frameworks";
				PRODUCT_NAME = "$(TARGET_NAME)";
				TEST_HOST = "$(BUILT_PRODUCTS_DIR)/ReinforcementTeacher.app/ReinforcementTeacher";
			};
			name = Release;
		};
/* End XCBuildConfiguration section */

/* Begin XCConfigurationList section */
		2AF1DD0A19F9815F0030B864 /* Build configuration list for PBXProject "ReinforcementTeacher" */ = {
			isa = XCConfigurationList;
			buildConfigurations = (
				2AF1DD2F19F9815F0030B864 /* Debug */,
				2AF1DD3019F9815F0030B864 /* Release */,
			);
			defaultConfigurationIsVisible = 0;
			defaultConfigurationName = Release;
		};
		2AF1DD3119F9815F0030B864 /* Build configuration list for PBXNativeTarget "ReinforcementTeacher" */ = {
			isa = XCConfigurationList;
			buildConfigurations = (
				2AF1DD3219F9815F0030B864 /* Debug */,
				2AF1DD3319F9815F0030B864 /* Release */,
			);
			defaultConfigurationIsVisible = 0;
			defaultConfigurationName = Release;
		};
		2AF1DD3419F9815F0030B864 /* Build configuration list for PBXNativeTarget "ReinforcementTeacherTests" */ = {
			isa = XCConfigurationList;
			buildConfigurations = (
				2AF1DD3519F9815F0030B864 /* Debug */,
				2AF1DD3619F9815F0030B864 /* Release */,
			);
			defaultConfigurationIsVisible = 0;
			defaultConfigurationName = Release;
		};
/* End XCConfigurationList section */

/* Begin XCVersionGroup section */
		2AF1DD1619F9815F0030B864 /* ReinforcementTeacher.xcdatamodeld */ = {
			isa = XCVersionGroup;
			children = (
				2AF1DD1719F9815F0030B864 /* ReinforcementTeacher.xcdatamodel */,
			);
			currentVersion = 2AF1DD1719F9815F0030B864 /* ReinforcementTeacher.xcdatamodel */;
			path = ReinforcementTeacher.xcdatamodeld;
			sourceTree = "<group>";
			versionGroupType = wrapper.xcdatamodel;
		};
/* End XCVersionGroup section */
	};
	rootObject = 2AF1DD0719F9815F0030B864 /* Project object */;
}
